
Microsoft Visual Studio Solution File, Format Version 12.00
# Visual Studio Version 17
VisualStudioVersion = 17.14.36212.18
MinimumVisualStudioVersion = 10.0.40219.1
Project("{FAE04EC0-301F-11D3-BF4B-00C04F79EFBC}") = "PlayerServer", "Moonshare Server\PlayerServer.csproj", "{DA336F1C-479E-46E9-AC83-C5F1331628E5}"
EndProject
Project("{FAE04EC0-301F-11D3-BF4B-00C04F79EFBC}") = "AuthServer", "AuthServer\AuthServer.csproj", "{CDE0D9AD-67F6-4E5B-8589-A639684EE3C6}"
EndProject
Project("{FAE04EC0-301F-11D3-BF4B-00C04F79EFBC}") = "ApiGatewayServer", "ApiGatewayServer\ApiGatewayServer.csproj", "{FBA0C749-27BC-4244-BFD2-CAAC18523743}"
EndProject
Global
	GlobalSection(SolutionConfigurationPlatforms) = preSolution
		Debug|Any CPU = Debug|Any CPU
		Release|Any CPU = Release|Any CPU
	EndGlobalSection
	GlobalSection(ProjectConfigurationPlatforms) = postSolution
		{DA336F1C-479E-46E9-AC83-C5F1331628E5}.Debug|Any CPU.ActiveCfg = Debug|Any CPU
		{DA336F1C-479E-46E9-AC83-C5F1331628E5}.Debug|Any CPU.Build.0 = Debug|Any CPU
		{DA336F1C-479E-46E9-AC83-C5F1331628E5}.Release|Any CPU.ActiveCfg = Release|Any CPU
		{DA336F1C-479E-46E9-AC83-C5F1331628E5}.Release|Any CPU.Build.0 = Release|Any CPU
		{CDE0D9AD-67F6-4E5B-8589-A639684EE3C6}.Debug|Any CPU.ActiveCfg = Debug|Any CPU
		{CDE0D9AD-67F6-4E5B-8589-A639684EE3C6}.Debug|Any CPU.Build.0 = Debug|Any CPU
		{CDE0D9AD-67F6-4E5B-8589-A639684EE3C6}.Release|Any CPU.ActiveCfg = Release|Any CPU
		{CDE0D9AD-67F6-4E5B-8589-A639684EE3C6}.Release|Any CPU.Build.0 = Release|Any CPU
		{FBA0C749-27BC-4244-BFD2-CAAC18523743}.Debug|Any CPU.ActiveCfg = Debug|Any CPU
		{FBA0C749-27BC-4244-BFD2-CAAC18523743}.Debug|Any CPU.Build.0 = Debug|Any CPU
		{FBA0C749-27BC-4244-BFD2-CAAC18523743}.Release|Any CPU.ActiveCfg = Release|Any CPU
		{FBA0C749-27BC-4244-BFD2-CAAC18523743}.Release|Any CPU.Build.0 = Release|Any CPU
	EndGlobalSection
	GlobalSection(SolutionProperties) = preSolution
		HideSolutionNode = FALSE
	EndGlobalSection
	GlobalSection(ExtensibilityGlobals) = postSolution
		SolutionGuid = {79E58E99-0931-41A1-938F-C62F85D5F019}
	EndGlobalSection
EndGlobal
